github.com/mattn/go-sqlite3 v2.0.2+incompatible h1:qzw9c2GNT8UFrgWNDhCTqRqYUSmu/Dav/9Z58LGpk7U=
github.com/mattn/go-sqlite3 v2.0.2+incompatible/go.mod h1:FPy6KqzDD04eiIsT53CuJW3U88zkxoIYsOqkbpncsNc=
github.com/mitchellh/mapstructure v1.1.2 h1:fmNYVwqnSfB9mZU6OS2O6GsXM+wcskZDuKQzvN1EDeE=
github.com/mitchellh/mapstructure v1.1.2/go.mod h1:FVVH3fgwuzCH5S8UJGiWEs2h04kUh9fWfEaFds41c1Y=
github.com/satom9to5/pidfile v0.0.0-20190604150648-b4983bc136e3 h1:MdcSJyvIuJB8qKsZovcapg6y576rvRyhC4WuaXq1MHU=
github.com/satom9to5/pidfile v0.0.0-20190604150648-b4983bc136e3/go.mod h1:IrVds5ef16wM0Jt1eDF7VZkw333pAnlM2s2qKtp7AhQ=
github.com/satom9to5/webext v0.0.0-20190226145152-1cd0537acbbc h1:itMhGCcpALI0U2o83Fm+56OO2S66F1GilqwSifuKJF8=
github.com/satom9to5/webext v0.0.0-20190226145152-1cd0537acbbc/go.mod h1:9RIt/XIpihim7wDNo9XY8P7iAbrIoqYp6daBAnRJJNw=
github.com/satom9to5/youtube-dl-queue v0.0.0-20191212161905-73fb72f540dd h1:XbZHWFQQctyrZA7Jr3cYoqMYyEzhW9Jwgpod5F2fhR0=
github.com/satom9to5/youtube-dl-queue v0.0.0-20191212161905-73fb72f540dd/go.mod h1:Bv3UBBl1AP2mA4+GTWejSpe2sfT17FYfEaw9mtzG1Nc=
